
Microsoft Visual Studio Solution File, Format Version 12.00
# Visual Studio Version 17
VisualStudioVersion = 17.7.34024.191
MinimumVisualStudioVersion = 10.0.40219.1
Project("{FAE04EC0-301F-11D3-BF4B-00C04F79EFBC}") = "RapidApiProject", "RapidApiProject\RapidApiProject.csproj", "{4B801097-41F9-4CA7-875A-D716C82A0824}"
EndProject
Global
	GlobalSection(SolutionConfigurationPlatforms) = preSolution
		Debug|Any CPU = Debug|Any CPU
		Release|Any CPU = Release|Any CPU
	EndGlobalSection
	GlobalSection(ProjectConfigurationPlatforms) = postSolution
		{4B801097-41F9-4CA7-875A-D716C82A0824}.Debug|Any CPU.ActiveCfg = Debug|Any CPU
		{4B801097-41F9-4CA7-875A-D716C82A0824}.Debug|Any CPU.Build.0 = Debug|Any CPU
		{4B801097-41F9-4CA7-875A-D716C82A0824}.Release|Any CPU.ActiveCfg = Release|Any CPU
		{4B801097-41F9-4CA7-875A-D716C82A0824}.Release|Any CPU.Build.0 = Release|Any CPU
	EndGlobalSection
	GlobalSection(SolutionProperties) = preSolution
		HideSolutionNode = FALSE
	EndGlobalSection
	GlobalSection(ExtensibilityGlobals) = postSolution
		SolutionGuid = {AC131C1D-850C-40AB-97F8-DF13CDD6F1C2}
	EndGlobalSection
EndGlobal
